// !$*UTF8*$!
{
	archiveVersion = 1;
	classes = {
	};
	objectVersion = 55;
	objects = {

/* Begin PBXBuildFile section */
		910D26F628918A8C004E7475 /* CarModelCollectionViewCell.swift in Sources */ = {isa = PBXBuildFile; fileRef = 910D26F528918A8C004E7475 /* CarModelCollectionViewCell.swift */; };
		910D26F828918AAB004E7475 /* CarModelCollectionView.swift in Sources */ = {isa = PBXBuildFile; fileRef = 910D26F728918AAB004E7475 /* CarModelCollectionView.swift */; };
		910D26FA289194A7004E7475 /* UIButton+Extensions.swift in Sources */ = {isa = PBXBuildFile; fileRef = 910D26F9289194A7004E7475 /* UIButton+Extensions.swift */; };
		911A1D8F286DAB16006CC3C2 /* TableViewCell.swift in Sources */ = {isa = PBXBuildFile; fileRef = 911A1D8D286DAB16006CC3C2 /* TableViewCell.swift */; };
		911A1D90286DAB16006CC3C2 /* TableViewCell.xib in Resources */ = {isa = PBXBuildFile; fileRef = 911A1D8E286DAB16006CC3C2 /* TableViewCell.xib */; };
		912429B32858A0000007F0B3 /* AppDelegate.swift in Sources */ = {isa = PBXBuildFile; fileRef = 912429B22858A0000007F0B3 /* AppDelegate.swift */; };
		912429B52858A0000007F0B3 /* SceneDelegate.swift in Sources */ = {isa = PBXBuildFile; fileRef = 912429B42858A0000007F0B3 /* SceneDelegate.swift */; };
		912429B72858A0000007F0B3 /* GameViewController.swift in Sources */ = {isa = PBXBuildFile; fileRef = 912429B62858A0000007F0B3 /* GameViewController.swift */; };
		912429BA2858A0000007F0B3 /* Main.storyboard in Resources */ = {isa = PBXBuildFile; fileRef = 912429B82858A0000007F0B3 /* Main.storyboard */; };
		912429BC2858A0010007F0B3 /* Assets.xcassets in Resources */ = {isa = PBXBuildFile; fileRef = 912429BB2858A0010007F0B3 /* Assets.xcassets */; };
		912429BF2858A0010007F0B3 /* LaunchScreen.storyboard in Resources */ = {isa = PBXBuildFile; fileRef = 912429BD2858A0010007F0B3 /* LaunchScreen.storyboard */; };
		9153F872289D794A00AB7152 /* Globals.swift in Sources */ = {isa = PBXBuildFile; fileRef = 9153F871289D794A00AB7152 /* Globals.swift */; };
		9153F875289D7C8500AB7152 /* Fonts.swift in Sources */ = {isa = PBXBuildFile; fileRef = 9153F874289D7C8500AB7152 /* Fonts.swift */; };
		9153F877289D7C9300AB7152 /* Localizable.swift in Sources */ = {isa = PBXBuildFile; fileRef = 9153F876289D7C9300AB7152 /* Localizable.swift */; };
		9157773928A1998C00FDF68F /* Localizable.strings in Resources */ = {isa = PBXBuildFile; fileRef = 9157773B28A1998C00FDF68F /* Localizable.strings */; };
		9188BA72286D0614000ECD09 /* LeaderBoardViewController.swift in Sources */ = {isa = PBXBuildFile; fileRef = 9188BA71286D0614000ECD09 /* LeaderBoardViewController.swift */; };
		9188BA74286D064A000ECD09 /* LeaderboardView.swift in Sources */ = {isa = PBXBuildFile; fileRef = 9188BA73286D064A000ECD09 /* LeaderboardView.swift */; };
		91AE1D022865F679000FAEF4 /* Poppins-ExtraLight.ttf in Resources */ = {isa = PBXBuildFile; fileRef = 91AE1CFF2865F678000FAEF4 /* Poppins-ExtraLight.ttf */; };
		91AE1D032865F679000FAEF4 /* Poppins-Bold.ttf in Resources */ = {isa = PBXBuildFile; fileRef = 91AE1D002865F678000FAEF4 /* Poppins-Bold.ttf */; };
		91AE1D042865F679000FAEF4 /* Poppins-SemiBold.ttf in Resources */ = {isa = PBXBuildFile; fileRef = 91AE1D012865F679000FAEF4 /* Poppins-SemiBold.ttf */; };
		91AE8F25289A6BC200C1FAAA /* SnapKit in Frameworks */ = {isa = PBXBuildFile; productRef = 91AE8F24289A6BC200C1FAAA /* SnapKit */; };
		91DACB9E2864965500F68E16 /* SettingsView.swift in Sources */ = {isa = PBXBuildFile; fileRef = 91DACB9D2864965500F68E16 /* SettingsView.swift */; };
		91DACBA02864998400F68E16 /* SettingsViewController.swift in Sources */ = {isa = PBXBuildFile; fileRef = 91DACB9F2864998400F68E16 /* SettingsViewController.swift */; };
		91E6CE452859DF1C00F52DD1 /* HomeViewController.swift in Sources */ = {isa = PBXBuildFile; fileRef = 91E6CE442859DF1B00F52DD1 /* HomeViewController.swift */; };
		91E6CE4F2859E15700F52DD1 /* HomeView.swift in Sources */ = {isa = PBXBuildFile; fileRef = 91E6CE4E2859E15700F52DD1 /* HomeView.swift */; };
		91E6CE572859EC3300F52DD1 /* OrelegaOne-Regular.ttf in Resources */ = {isa = PBXBuildFile; fileRef = 91E6CE562859EC3300F52DD1 /* OrelegaOne-Regular.ttf */; };
		91E6CE592859EC4600F52DD1 /* HammersmithOne-Regular.ttf in Resources */ = {isa = PBXBuildFile; fileRef = 91E6CE582859EC4600F52DD1 /* HammersmithOne-Regular.ttf */; };
		91E6CE5B285A008C00F52DD1 /* UIColor+Extensions.swift in Sources */ = {isa = PBXBuildFile; fileRef = 91E6CE5A285A008C00F52DD1 /* UIColor+Extensions.swift */; };
		91E6CE5D285A009800F52DD1 /* UIView+Extensions.swift in Sources */ = {isa = PBXBuildFile; fileRef = 91E6CE5C285A009800F52DD1 /* UIView+Extensions.swift */; };
/* End PBXBuildFile section */

/* Begin PBXFileReference section */
		910D26F528918A8C004E7475 /* CarModelCollectionViewCell.swift */ = {isa = PBXFileReference; lastKnownFileType = sourcecode.swift; path = CarModelCollectionViewCell.swift; sourceTree = "<group>"; };
		910D26F728918AAB004E7475 /* CarModelCollectionView.swift */ = {isa = PBXFileReference; lastKnownFileType = sourcecode.swift; path = CarModelCollectionView.swift; sourceTree = "<group>"; };
		910D26F9289194A7004E7475 /* UIButton+Extensions.swift */ = {isa = PBXFileReference; lastKnownFileType = sourcecode.swift; path = "UIButton+Extensions.swift"; sourceTree = "<group>"; };
		911A1D8D286DAB16006CC3C2 /* TableViewCell.swift */ = {isa = PBXFileReference; lastKnownFileType = sourcecode.swift; path = TableViewCell.swift; sourceTree = "<group>"; };
		911A1D8E286DAB16006CC3C2 /* TableViewCell.xib */ = {isa = PBXFileReference; lastKnownFileType = file.xib; path = TableViewCell.xib; sourceTree = "<group>"; };
		912429AF2858A0000007F0B3 /* TurismoRacing.app */ = {isa = PBXFileReference; explicitFileType = wrapper.application; includeInIndex = 0; path = TurismoRacing.app; sourceTree = BUILT_PRODUCTS_DIR; };
		912429B22858A0000007F0B3 /* AppDelegate.swift */ = {isa = PBXFileReference; lastKnownFileType = sourcecode.swift; path = AppDelegate.swift; sourceTree = "<group>"; };
		912429B42858A0000007F0B3 /* SceneDelegate.swift */ = {isa = PBXFileReference; lastKnownFileType = sourcecode.swift; path = SceneDelegate.swift; sourceTree = "<group>"; };
		912429B62858A0000007F0B3 /* GameViewController.swift */ = {isa = PBXFileReference; lastKnownFileType = sourcecode.swift; path = GameViewController.swift; sourceTree = "<group>"; };
		912429B92858A0000007F0B3 /* Base */ = {isa = PBXFileReference; lastKnownFileType = file.storyboard; name = Base; path = Base.lproj/Main.storyboard; sourceTree = "<group>"; };
		912429BB2858A0010007F0B3 /* Assets.xcassets */ = {isa = PBXFileReference; lastKnownFileType = folder.assetcatalog; path = Assets.xcassets; sourceTree = "<group>"; };
		912429BE2858A0010007F0B3 /* Base */ = {isa = PBXFileReference; lastKnownFileType = file.storyboard; name = Base; path = Base.lproj/LaunchScreen.storyboard; sourceTree = "<group>"; };
		912429C02858A0010007F0B3 /* Info.plist */ = {isa = PBXFileReference; lastKnownFileType = text.plist.xml; path = Info.plist; sourceTree = "<group>"; };
		9153F871289D794A00AB7152 /* Globals.swift */ = {isa = PBXFileReference; lastKnownFileType = sourcecode.swift; path = Globals.swift; sourceTree = "<group>"; };
		9153F874289D7C8500AB7152 /* Fonts.swift */ = {isa = PBXFileReference; lastKnownFileType = sourcecode.swift; path = Fonts.swift; sourceTree = "<group>"; };
		9153F876289D7C9300AB7152 /* Localizable.swift */ = {isa = PBXFileReference; lastKnownFileType = sourcecode.swift; path = Localizable.swift; sourceTree = "<group>"; };
		9157773A28A1998C00FDF68F /* en */ = {isa = PBXFileReference; lastKnownFileType = text.plist.strings; name = en; path = en.lproj/Localizable.strings; sourceTree = "<group>"; };
		9157773C28A19A2E00FDF68F /* ru */ = {isa = PBXFileReference; lastKnownFileType = text.plist.strings; name = ru; path = ru.lproj/Localizable.strings; sourceTree = "<group>"; };
		9166995D28A5333500457387 /* es */ = {isa = PBXFileReference; lastKnownFileType = text.plist.strings; name = es; path = es.lproj/Localizable.strings; sourceTree = "<group>"; };
		9166995E28A5333F00457387 /* de */ = {isa = PBXFileReference; lastKnownFileType = text.plist.strings; name = de; path = de.lproj/Localizable.strings; sourceTree = "<group>"; };
		9166995F28A5335000457387 /* it */ = {isa = PBXFileReference; lastKnownFileType = text.plist.strings; name = it; path = it.lproj/Localizable.strings; sourceTree = "<group>"; };
		9166996028A5336400457387 /* fr */ = {isa = PBXFileReference; lastKnownFileType = text.plist.strings; name = fr; path = fr.lproj/Localizable.strings; sourceTree = "<group>"; };
		9188BA71286D0614000ECD09 /* LeaderBoardViewController.swift */ = {isa = PBXFileReference; lastKnownFileType = sourcecode.swift; path = LeaderBoardViewController.swift; sourceTree = "<group>"; };
		9188BA73286D064A000ECD09 /* LeaderboardView.swift */ = {isa = PBXFileReference; lastKnownFileType = sourcecode.swift; path = LeaderboardView.swift; sourceTree = "<group>"; };
		91AE1CFF2865F678000FAEF4 /* Poppins-ExtraLight.ttf */ = {isa = PBXFileReference; lastKnownFileType = file; path = "Poppins-ExtraLight.ttf"; sourceTree = "<group>"; };
		91AE1D002865F678000FAEF4 /* Poppins-Bold.ttf */ = {isa = PBXFileReference; lastKnownFileType = file; path = "Poppins-Bold.ttf"; sourceTree = "<group>"; };
		91AE1D012865F679000FAEF4 /* Poppins-SemiBold.ttf */ = {isa = PBXFileReference; lastKnownFileType = file; path = "Poppins-SemiBold.ttf"; sourceTree = "<group>"; };
		91DACB9D2864965500F68E16 /* SettingsView.swift */ = {isa = PBXFileReference; lastKnownFileType = sourcecode.swift; path = SettingsView.swift; sourceTree = "<group>"; };
		91DACB9F2864998400F68E16 /* SettingsViewController.swift */ = {isa = PBXFileReference; lastKnownFileType = sourcecode.swift; path = SettingsViewController.swift; sourceTree = "<group>"; };
		91E6CE442859DF1B00F52DD1 /* HomeViewController.swift */ = {isa = PBXFileReference; lastKnownFileType = sourcecode.swift; path = HomeViewController.swift; sourceTree = "<group>"; };
		91E6CE4E2859E15700F52DD1 /* HomeView.swift */ = {isa = PBXFileReference; lastKnownFileType = sourcecode.swift; path = HomeView.swift; sourceTree = "<group>"; };
		91E6CE562859EC3300F52DD1 /* OrelegaOne-Regular.ttf */ = {isa = PBXFileReference; lastKnownFileType = file; path = "OrelegaOne-Regular.ttf"; sourceTree = "<group>"; };
		91E6CE582859EC4600F52DD1 /* HammersmithOne-Regular.ttf */ = {isa = PBXFileReference; lastKnownFileType = file; path = "HammersmithOne-Regular.ttf"; sourceTree = "<group>"; };
		91E6CE5A285A008C00F52DD1 /* UIColor+Extensions.swift */ = {isa = PBXFileReference; lastKnownFileType = sourcecode.swift; path = "UIColor+Extensions.swift"; sourceTree = "<group>"; };
		91E6CE5C285A009800F52DD1 /* UIView+Extensions.swift */ = {isa = PBXFileReference; lastKnownFileType = sourcecode.swift; path = "UIView+Extensions.swift"; sourceTree = "<group>"; };
/* End PBXFileReference section */

/* Begin PBXFrameworksBuildPhase section */
		912429AC2858A0000007F0B3 /* Frameworks */ = {
			isa = PBXFrameworksBuildPhase;
			buildActionMask = 2147483647;
			files = (
				91AE8F25289A6BC200C1FAAA /* SnapKit in Frameworks */,
			);
			runOnlyForDeploymentPostprocessing = 0;
		};
/* End PBXFrameworksBuildPhase section */

/* Begin PBXGroup section */
		910D26F328918A29004E7475 /* TableViewCell */ = {
			isa = PBXGroup;
			children = (
				911A1D8D286DAB16006CC3C2 /* TableViewCell.swift */,
				911A1D8E286DAB16006CC3C2 /* TableViewCell.xib */,
			);
			path = TableViewCell;
			sourceTree = "<group>";
		};
		910D26F428918A37004E7475 /* CarModelCollectionView */ = {
			isa = PBXGroup;
			children = (
				910D26F728918AAB004E7475 /* CarModelCollectionView.swift */,
				910D26F528918A8C004E7475 /* CarModelCollectionViewCell.swift */,
			);
			path = CarModelCollectionView;
			sourceTree = "<group>";
		};
		912429A62858A0000007F0B3 = {
			isa = PBXGroup;
			children = (
				912429B12858A0000007F0B3 /* TurismoRacing */,
				912429B82858A0000007F0B3 /* Main.storyboard */,
				912429B02858A0000007F0B3 /* Products */,
			);
			sourceTree = "<group>";
		};
		912429B02858A0000007F0B3 /* Products */ = {
			isa = PBXGroup;
			children = (
				912429AF2858A0000007F0B3 /* TurismoRacing.app */,
			);
			name = Products;
			sourceTree = "<group>";
		};
		912429B12858A0000007F0B3 /* TurismoRacing */ = {
			isa = PBXGroup;
			children = (
				912429C02858A0010007F0B3 /* Info.plist */,
				912429B22858A0000007F0B3 /* AppDelegate.swift */,
				912429B42858A0000007F0B3 /* SceneDelegate.swift */,
				91E6CE472859DFFF00F52DD1 /* Resources */,
				91E6CE432859DF0700F52DD1 /* ViewControllers */,
				91E6CE462859DF3A00F52DD1 /* Views */,
				91E6CE482859E02500F52DD1 /* Utilities */,
			);
			path = TurismoRacing;
			sourceTree = "<group>";
		};
		9153F873289D7C3800AB7152 /* ResourceHelpers */ = {
			isa = PBXGroup;
			children = (
				9153F874289D7C8500AB7152 /* Fonts.swift */,
				9153F876289D7C9300AB7152 /* Localizable.swift */,
			);
			path = ResourceHelpers;
			sourceTree = "<group>";
		};
		91E6CE432859DF0700F52DD1 /* ViewControllers */ = {
			isa = PBXGroup;
			children = (
				912429B62858A0000007F0B3 /* GameViewController.swift */,
				91E6CE442859DF1B00F52DD1 /* HomeViewController.swift */,
				91DACB9F2864998400F68E16 /* SettingsViewController.swift */,
				9188BA71286D0614000ECD09 /* LeaderBoardViewController.swift */,
			);
			path = ViewControllers;
			sourceTree = "<group>";
		};
		91E6CE462859DF3A00F52DD1 /* Views */ = {
			isa = PBXGroup;
			children = (
				91E6CE4E2859E15700F52DD1 /* HomeView.swift */,
				91DACB9D2864965500F68E16 /* SettingsView.swift */,
				9188BA73286D064A000ECD09 /* LeaderboardView.swift */,
				910D26F428918A37004E7475 /* CarModelCollectionView */,
				910D26F328918A29004E7475 /* TableViewCell */,
			);
			path = Views;
			sourceTree = "<group>";
		};
		91E6CE472859DFFF00F52DD1 /* Resources */ = {
			isa = PBXGroup;
			children = (
				9157773B28A1998C00FDF68F /* Localizable.strings */,
				91E6CE4C2859E09A00F52DD1 /* Fonts */,
				912429BD2858A0010007F0B3 /* LaunchScreen.storyboard */,
				912429BB2858A0010007F0B3 /* Assets.xcassets */,
			);
			path = Resources;
			sourceTree = "<group>";
		};
		91E6CE482859E02500F52DD1 /* Utilities */ = {
			isa = PBXGroup;
			children = (
				9153F873289D7C3800AB7152 /* ResourceHelpers */,
				91E6CE4D2859E0FF00F52DD1 /* Extensions */,
				9153F871289D794A00AB7152 /* Globals.swift */,
			);
			path = Utilities;
			sourceTree = "<group>";
		};
		91E6CE4C2859E09A00F52DD1 /* Fonts */ = {
			isa = PBXGroup;
			children = (
				91AE1D002865F678000FAEF4 /* Poppins-Bold.ttf */,
				91AE1CFF2865F678000FAEF4 /* Poppins-ExtraLight.ttf */,
				91AE1D012865F679000FAEF4 /* Poppins-SemiBold.ttf */,
				91E6CE582859EC4600F52DD1 /* HammersmithOne-Regular.ttf */,
				91E6CE562859EC3300F52DD1 /* OrelegaOne-Regular.ttf */,
			);
			path = Fonts;
			sourceTree = "<group>";
		};
		91E6CE4D2859E0FF00F52DD1 /* Extensions */ = {
			isa = PBXGroup;
			children = (
				91E6CE5A285A008C00F52DD1 /* UIColor+Extensions.swift */,
				91E6CE5C285A009800F52DD1 /* UIView+Extensions.swift */,
				910D26F9289194A7004E7475 /* UIButton+Extensions.swift */,
			);
			path = Extensions;
			sourceTree = "<group>";
		};
/* End PBXGroup section */

/* Begin PBXNativeTarget section */
		912429AE2858A0000007F0B3 /* TurismoRacing */ = {
			isa = PBXNativeTarget;
			buildConfigurationList = 912429C32858A0010007F0B3 /* Build configuration list for PBXNativeTarget "TurismoRacing" */;
			buildPhases = (
				912429AB2858A0000007F0B3 /* Sources */,
				912429AC2858A0000007F0B3 /* Frameworks */,
				912429AD2858A0000007F0B3 /* Resources */,
			);
			buildRules = (
			);
			dependencies = (
			);
			name = TurismoRacing;
			packageProductDependencies = (
				91AE8F24289A6BC200C1FAAA /* SnapKit */,
			);
			productName = TurismoRacing;
			productReference = 912429AF2858A0000007F0B3 /* TurismoRacing.app */;
			productType = "com.apple.product-type.application";
		};
/* End PBXNativeTarget section */

/* Begin PBXProject section */
		912429A72858A0000007F0B3 /* Project object */ = {
			isa = PBXProject;
			attributes = {
				BuildIndependentTargetsInParallel = 1;
				LastSwiftUpdateCheck = 1340;
				LastUpgradeCheck = 1340;
				TargetAttributes = {
					912429AE2858A0000007F0B3 = {
						CreatedOnToolsVersion = 13.4.1;
					};
				};
			};
			buildConfigurationList = 912429AA2858A0000007F0B3 /* Build configuration list for PBXProject "TurismoRacing" */;
			compatibilityVersion = "Xcode 13.0";
			developmentRegion = en;
			hasScannedForEncodings = 0;
			knownRegions = (
				en,
				Base,
				ru,
				es,
				de,
				it,
				fr,
			);
			mainGroup = 912429A62858A0000007F0B3;
			packageReferences = (
				91AE8F23289A6BC200C1FAAA /* XCRemoteSwiftPackageReference "SnapKit" */,
			);
			productRefGroup = 912429B02858A0000007F0B3 /* Products */;
			projectDirPath = "";
			projectRoot = "";
			targets = (
				912429AE2858A0000007F0B3 /* TurismoRacing */,
			);
		};
/* End PBXProject section */

/* Begin PBXResourcesBuildPhase section */
		912429AD2858A0000007F0B3 /* Resources */ = {
			isa = PBXResourcesBuildPhase;
			buildActionMask = 2147483647;
			files = (
				91AE1D022865F679000FAEF4 /* Poppins-ExtraLight.ttf in Resources */,
				912429BF2858A0010007F0B3 /* LaunchScreen.storyboard in Resources */,
				91AE1D032865F679000FAEF4 /* Poppins-Bold.ttf in Resources */,
				912429BC2858A0010007F0B3 /* Assets.xcassets in Resources */,
				911A1D90286DAB16006CC3C2 /* TableViewCell.xib in Resources */,
				9157773928A1998C00FDF68F /* Localizable.strings in Resources */,
				91E6CE592859EC4600F52DD1 /* HammersmithOne-Regular.ttf in Resources */,
				91AE1D042865F679000FAEF4 /* Poppins-SemiBold.ttf in Resources */,
				91E6CE572859EC3300F52DD1 /* OrelegaOne-Regular.ttf in Resources */,
				912429BA2858A0000007F0B3 /* Main.storyboard in Resources */,
			);
			runOnlyForDeploymentPostprocessing = 0;
		};
/* End PBXResourcesBuildPhase section */

/* Begin PBXSourcesBuildPhase section */
		912429AB2858A0000007F0B3 /* Sources */ = {
			isa = PBXSourcesBuildPhase;
			buildActionMask = 2147483647;
			files = (
				910D26F628918A8C004E7475 /* CarModelCollectionViewCell.swift in Sources */,
				911A1D8F286DAB16006CC3C2 /* TableViewCell.swift in Sources */,
				912429B72858A0000007F0B3 /* GameViewController.swift in Sources */,
				91DACB9E2864965500F68E16 /* SettingsView.swift in Sources */,
				9153F872289D794A00AB7152 /* Globals.swift in Sources */,
				912429B32858A0000007F0B3 /* AppDelegate.swift in Sources */,
				912429B52858A0000007F0B3 /* SceneDelegate.swift in Sources */,
				9153F875289D7C8500AB7152 /* Fonts.swift in Sources */,
				9188BA72286D0614000ECD09 /* LeaderBoardViewController.swift in Sources */,
				910D26F828918AAB004E7475 /* CarModelCollectionView.swift in Sources */,
				91E6CE5D285A009800F52DD1 /* UIView+Extensions.swift in Sources */,
				91E6CE5B285A008C00F52DD1 /* UIColor+Extensions.swift in Sources */,
				9188BA74286D064A000ECD09 /* LeaderboardView.swift in Sources */,
				91E6CE4F2859E15700F52DD1 /* HomeView.swift in Sources */,
				91E6CE452859DF1C00F52DD1 /* HomeViewController.swift in Sources */,
				910D26FA289194A7004E7475 /* UIButton+Extensions.swift in Sources */,
				9153F877289D7C9300AB7152 /* Localizable.swift in Sources */,
				91DACBA02864998400F68E16 /* SettingsViewController.swift in Sources */,
			);
			runOnlyForDeploymentPostprocessing = 0;
		};
/* End PBXSourcesBuildPhase section */

/* Begin PBXVariantGroup section */
		912429B82858A0000007F0B3 /* Main.storyboard */ = {
			isa = PBXVariantGroup;
			children = (
				912429B92858A0000007F0B3 /* Base */,
			);
			name = Main.storyboard;
			sourceTree = "<group>";
		};
		912429BD2858A0010007F0B3 /* LaunchScreen.storyboard */ = {
			isa = PBXVariantGroup;
			children = (
				912429BE2858A0010007F0B3 /* Base */,
			);
			name = LaunchScreen.storyboard;
			sourceTree = "<group>";
		};
		9157773B28A1998C00FDF68F /* Localizable.strings */ = {
			isa = PBXVariantGroup;
			children = (
				9157773A28A1998C00FDF68F /* en */,
				9157773C28A19A2E00FDF68F /* ru */,
				9166995D28A5333500457387 /* es */,
				9166995E28A5333F00457387 /* de */,
				9166995F28A5335000457387 /* it */,
				9166996028A5336400457387 /* fr */,
			);
			name = Localizable.strings;
			sourceTree = "<group>";
		};
/* End PBXVariantGroup section */

/* Begin XCBuildConfiguration section */
		912429C12858A0010007F0B3 /* Debug */ = {
			isa = XCBuildConfiguration;
			buildSettings = {
				ALWAYS_SEARCH_USER_PATHS = NO;
				CLANG_ANALYZER_LOCALIZABILITY_NONLOCALIZED = YES;
				CLANG_ANALYZER_NONNULL = YES;
				CLANG_ANALYZER_NUMBER_OBJECT_CONVERSION = YES_AGGRESSIVE;
				CLANG_CXX_LANGUAGE_STANDARD = "gnu++17";
				CLANG_ENABLE_MODULES = YES;
				CLANG_ENABLE_OBJC_ARC = YES;
				CLANG_ENABLE_OBJC_WEAK = YES;
				CLANG_WARN_BLOCK_CAPTURE_AUTORELEASING = YES;
				CLANG_WARN_BOOL_CONVERSION = YES;
				CLANG_WARN_COMMA = YES;
				CLANG_WARN_CONSTANT_CONVERSION = YES;
				CLANG_WARN_DEPRECATED_OBJC_IMPLEMENTATIONS = YES;
				CLANG_WARN_DIRECT_OBJC_ISA_USAGE = YES_ERROR;
				CLANG_WARN_DOCUMENTATION_COMMENTS = YES;
				CLANG_WARN_EMPTY_BODY = YES;
				CLANG_WARN_ENUM_CONVERSION = YES;
				CLANG_WARN_INFINITE_RECURSION = YES;
				CLANG_WARN_INT_CONVERSION = YES;
				CLANG_WARN_NON_LITERAL_NULL_CONVERSION = YES;
				CLANG_WARN_OBJC_IMPLICIT_RETAIN_SELF = YES;
				CLANG_WARN_OBJC_LITERAL_CONVERSION = YES;
				CLANG_WARN_OBJC_ROOT_CLASS = YES_ERROR;
				CLANG_WARN_QUOTED_INCLUDE_IN_FRAMEWORK_HEADER = YES;
				CLANG_WARN_RANGE_LOOP_ANALYSIS = YES;
				CLANG_WARN_STRICT_PROTOTYPES = YES;
				CLANG_WARN_SUSPICIOUS_MOVE = YES;
				CLANG_WARN_UNGUARDED_AVAILABILITY = YES_AGGRESSIVE;
				CLANG_WARN_UNREACHABLE_CODE = YES;
				CLANG_WARN__DUPLICATE_METHOD_MATCH = YES;
				COPY_PHASE_STRIP = NO;
				DEBUG_INFORMATION_FORMAT = dwarf;
				ENABLE_STRICT_OBJC_MSGSEND = YES;
				ENABLE_TESTABILITY = YES;
				GCC_C_LANGUAGE_STANDARD = gnu11;
				GCC_DYNAMIC_NO_PIC = NO;
				GCC_NO_COMMON_BLOCKS = YES;
				GCC_OPTIMIZATION_LEVEL = 0;
				GCC_PREPROCESSOR_DEFINITIONS = (
					"DEBUG=1",
					"$(inherited)",
				);
				GCC_WARN_64_TO_32_BIT_CONVERSION = YES;
				GCC_WARN_ABOUT_RETURN_TYPE = YES_ERROR;
				GCC_WARN_UNDECLARED_SELECTOR = YES;
				GCC_WARN_UNINITIALIZED_AUTOS = YES_AGGRESSIVE;
				GCC_WARN_UNUSED_FUNCTION = YES;
				GCC_WARN_UNUSED_VARIABLE = YES;
				IPHONEOS_DEPLOYMENT_TARGET = 15.5;
				MTL_ENABLE_DEBUG_INFO = INCLUDE_SOURCE;
				MTL_FAST_MATH = YES;
				ONLY_ACTIVE_ARCH = YES;
				SDKROOT = iphoneos;
				SWIFT_ACTIVE_COMPILATION_CONDITIONS = DEBUG;
				SWIFT_OPTIMIZATION_LEVEL = "-Onone";
			};
			name = Debug;
		};
		912429C22858A0010007F0B3 /* Release */ = {
			isa = XCBuildConfiguration;
			buildSettings = {
				ALWAYS_SEARCH_USER_PATHS = NO;
				CLANG_ANALYZER_LOCALIZABILITY_NONLOCALIZED = YES;
				CLANG_ANALYZER_NONNULL = YES;
				CLANG_ANALYZER_NUMBER_OBJECT_CONVERSION = YES_AGGRESSIVE;
				CLANG_CXX_LANGUAGE_STANDARD = "gnu++17";
				CLANG_ENABLE_MODULES = YES;
				CLANG_ENABLE_OBJC_ARC = YES;
				CLANG_ENABLE_OBJC_WEAK = YES;
				CLANG_WARN_BLOCK_CAPTURE_AUTORELEASING = YES;
				CLANG_WARN_BOOL_CONVERSION = YES;
				CLANG_WARN_COMMA = YES;
				CLANG_WARN_CONSTANT_CONVERSION = YES;
				CLANG_WARN_DEPRECATED_OBJC_IMPLEMENTATIONS = YES;
				CLANG_WARN_DIRECT_OBJC_ISA_USAGE = YES_ERROR;
				CLANG_WARN_DOCUMENTATION_COMMENTS = YES;
				CLANG_WARN_EMPTY_BODY = YES;
				CLANG_WARN_ENUM_CONVERSION = YES;
				CLANG_WARN_INFINITE_RECURSION = YES;
				CLANG_WARN_INT_CONVERSION = YES;
				CLANG_WARN_NON_LITERAL_NULL_CONVERSION = YES;
				CLANG_WARN_OBJC_IMPLICIT_RETAIN_SELF = YES;
				CLANG_WARN_OBJC_LITERAL_CONVERSION = YES;
				CLANG_WARN_OBJC_ROOT_CLASS = YES_ERROR;
				CLANG_WARN_QUOTED_INCLUDE_IN_FRAMEWORK_HEADER = YES;
				CLANG_WARN_RANGE_LOOP_ANALYSIS = YES;
				CLANG_WARN_STRICT_PROTOTYPES = YES;
				CLANG_WARN_SUSPICIOUS_MOVE = YES;
				CLANG_WARN_UNGUARDED_AVAILABILITY = YES_AGGRESSIVE;
				CLANG_WARN_UNREACHABLE_CODE = YES;
				CLANG_WARN__DUPLICATE_METHOD_MATCH = YES;
				COPY_PHASE_STRIP = NO;
				DEBUG_INFORMATION_FORMAT = "dwarf-with-dsym";
				ENABLE_NS_ASSERTIONS = NO;
				ENABLE_STRICT_OBJC_MSGSEND = YES;
				GCC_C_LANGUAGE_STANDARD = gnu11;
				GCC_NO_COMMON_BLOCKS = YES;
				GCC_WARN_64_TO_32_BIT_CONVERSION = YES;
				GCC_WARN_ABOUT_RETURN_TYPE = YES_ERROR;
				GCC_WARN_UNDECLARED_SELECTOR = YES;
				GCC_WARN_UNINITIALIZED_AUTOS = YES_AGGRESSIVE;
				GCC_WARN_UNUSED_FUNCTION = YES;
				GCC_WARN_UNUSED_VARIABLE = YES;
				IPHONEOS_DEPLOYMENT_TARGET = 15.5;
				MTL_ENABLE_DEBUG_INFO = NO;
				MTL_FAST_MATH = YES;
				SDKROOT = iphoneos;
				SWIFT_COMPILATION_MODE = wholemodule;
				SWIFT_OPTIMIZATION_LEVEL = "-O";
				VALIDATE_PRODUCT = YES;
			};
			name = Release;
		};
		912429C42858A0010007F0B3 /* Debug */ = {
			isa = XCBuildConfiguration;
			buildSettings = {
				ASSETCATALOG_COMPILER_APPICON_NAME = AppIcon;
				ASSETCATALOG_COMPILER_GLOBAL_ACCENT_COLOR_NAME = AccentColor;
				CODE_SIGN_STYLE = Automatic;
				CURRENT_PROJECT_VERSION = 1;
				DEVELOPMENT_TEAM = PMNHD3FB2T;
				GENERATE_INFOPLIST_FILE = YES;
				INFOPLIST_FILE = TurismoRacing/Info.plist;
				INFOPLIST_KEY_UIApplicationSupportsIndirectInputEvents = YES;
				INFOPLIST_KEY_UILaunchStoryboardName = LaunchScreen;
				INFOPLIST_KEY_UIMainStoryboardFile = Main;
				INFOPLIST_KEY_UIStatusBarHidden = YES;
				INFOPLIST_KEY_UISupportedInterfaceOrientations = UIInterfaceOrientationPortrait;
				INFOPLIST_KEY_UISupportedInterfaceOrientations_iPad = "UIInterfaceOrientationPortrait UIInterfaceOrientationPortraitUpsideDown UIInterfaceOrientationLandscapeLeft UIInterfaceOrientationLandscapeRight";
				INFOPLIST_KEY_UISupportedInterfaceOrientations_iPhone = "UIInterfaceOrientationPortrait UIInterfaceOrientationLandscapeLeft UIInterfaceOrientationLandscapeRight";
				LD_RUNPATH_SEARCH_PATHS = (
					"$(inherited)",
					"@executable_path/Frameworks",
				);
				MARKETING_VERSION = 1.0;
				PRODUCT_BUNDLE_IDENTIFIER = com.teamdly.TurismoRacing;
				PRODUCT_NAME = "$(TARGET_NAME)";
				SWIFT_EMIT_LOC_STRINGS = YES;
				SWIFT_VERSION = 5.0;
				TARGETED_DEVICE_FAMILY = "1,2";
			};
			name = Debug;
		};
		912429C52858A0010007F0B3 /* Release */ = {
			isa = XCBuildConfiguration;
			buildSettings = {
				ASSETCATALOG_COMPILER_APPICON_NAME = AppIcon;
				ASSETCATALOG_COMPILER_GLOBAL_ACCENT_COLOR_NAME = AccentColor;
				CODE_SIGN_STYLE = Automatic;
				CURRENT_PROJECT_VERSION = 1;
				DEVELOPMENT_TEAM = PMNHD3FB2T;
				GENERATE_INFOPLIST_FILE = YES;
				INFOPLIST_FILE = TurismoRacing/Info.plist;
				INFOPLIST_KEY_UIApplicationSupportsIndirectInputEvents = YES;
				INFOPLIST_KEY_UILaunchStoryboardName = LaunchScreen;
				INFOPLIST_KEY_UIMainStoryboardFile = Main;
				INFOPLIST_KEY_UIStatusBarHidden = YES;
				INFOPLIST_KEY_UISupportedInterfaceOrientations = UIInterfaceOrientationPortrait;
				INFOPLIST_KEY_UISupportedInterfaceOrientations_iPad = "UIInterfaceOrientationPortrait UIInterfaceOrientationPortraitUpsideDown UIInterfaceOrientationLandscapeLeft UIInterfaceOrientationLandscapeRight";
				INFOPLIST_KEY_UISupportedInterfaceOrientations_iPhone = "UIInterfaceOrientationPortrait UIInterfaceOrientationLandscapeLeft UIInterfaceOrientationLandscapeRight";
				LD_RUNPATH_SEARCH_PATHS = (
					"$(inherited)",
					"@executable_path/Frameworks",
				);
				MARKETING_VERSION = 1.0;
				PRODUCT_BUNDLE_IDENTIFIER = com.teamdly.TurismoRacing;
				PRODUCT_NAME = "$(TARGET_NAME)";
				SWIFT_EMIT_LOC_STRINGS = YES;
				SWIFT_VERSION = 5.0;
				TARGETED_DEVICE_FAMILY = "1,2";
			};
			name = Release;
		};
/* End XCBuildConfiguration section */

/* Begin XCConfigurationList section */
		912429AA2858A0000007F0B3 /* Build configuration list for PBXProject "TurismoRacing" */ = {
			isa = XCConfigurationList;
			buildConfigurations = (
				912429C12858A0010007F0B3 /* Debug */,
				912429C22858A0010007F0B3 /* Release */,
			);
			defaultConfigurationIsVisible = 0;
			defaultConfigurationName = Release;
		};
		912429C32858A0010007F0B3 /* Build configuration list for PBXNativeTarget "TurismoRacing" */ = {
			isa = XCConfigurationList;
			buildConfigurations = (
				912429C42858A0010007F0B3 /* Debug */,
				912429C52858A0010007F0B3 /* Release */,
			);
			defaultConfigurationIsVisible = 0;
			defaultConfigurationName = Release;
		};
/* End XCConfigurationList section */

/* Begin XCRemoteSwiftPackageReference section */
		91AE8F23289A6BC200C1FAAA /* XCRemoteSwiftPackageReference "SnapKit" */ = {
			isa = XCRemoteSwiftPackageReference;
			repositoryURL = "https://github.com/SnapKit/SnapKit.git";
			requirement = {
				kind = upToNextMinorVersion;
				minimumVersion = 5.6.0;
			};
		};
/* End XCRemoteSwiftPackageReference section */

/* Begin XCSwiftPackageProductDependency section */
		91AE8F24289A6BC200C1FAAA /* SnapKit */ = {
			isa = XCSwiftPackageProductDependency;
			package = 91AE8F23289A6BC200C1FAAA /* XCRemoteSwiftPackageReference "SnapKit" */;
			productName = SnapKit;
		};
/* End XCSwiftPackageProductDependency section */
	};
	rootObject = 912429A72858A0000007F0B3 /* Project object */;
}
